PODS:
  - Flutter (1.0.0)
  - flutter_app_minimizer (0.0.1):
    - Flutter

DEPENDENCIES:
  - Flutter (from `Flutter`)
  - flutter_app_minimizer (from `.symlinks/plugins/flutter_app_minimizer/ios`)

EXTERNAL SOURCES:
  Flutter:
    :path: Flutter
  flutter_app_minimizer:
    :path: ".symlinks/plugins/flutter_app_minimizer/ios"

SPEC CHECKSUMS:
  Flutter: e0871f40cf51350855a761d2e70bf5af5b9b5de7
  flutter_app_minimizer: 096f48ed97ffbd1fbf32ec45bbc5e2419f880919

PODFILE CHECKSUM: c4c93c5f6502fe2754f48404d3594bf779584011

COCOAPODS: 1.13.0
